
Microsoft Visual Studio Solution File, Format Version 12.00
Project("{FAE04EC0-301F-11D3-BF4B-00C04F79EFBC}") = "PgCloudDump", "PgCloudDump\PgCloudDump.csproj", "{D797055A-C884-4640-B186-1B4B6B8A718D}"
EndProject
Global
	GlobalSection(SolutionConfigurationPlatforms) = preSolution
		Debug|Any CPU = Debug|Any CPU
		Release|Any CPU = Release|Any CPU
	EndGlobalSection
	GlobalSection(ProjectConfigurationPlatforms) = postSolution
		{D797055A-C884-4640-B186-1B4B6B8A718D}.Debug|Any CPU.ActiveCfg = Debug|Any CPU
		{D797055A-C884-4640-B186-1B4B6B8A718D}.Debug|Any CPU.Build.0 = Debug|Any CPU
		{D797055A-C884-4640-B186-1B4B6B8A718D}.Release|Any CPU.ActiveCfg = Release|Any CPU
		{D797055A-C884-4640-B186-1B4B6B8A718D}.Release|Any CPU.Build.0 = Release|Any CPU
	EndGlobalSection
EndGlobal
